
Microsoft Visual Studio Solution File, Format Version 12.00
# Visual Studio Version 17
VisualStudioVersion = 17.0.31903.59
MinimumVisualStudioVersion = 10.0.40219.1
Project("{2150E333-8FDC-42A3-9474-1A3956D46DE8}") = "src", "src", "{827E0CD3-B72D-47B6-A68D-7590B98EB39B}"
EndProject
Project("{FAE04EC0-301F-11D3-BF4B-00C04F79EFBC}") = "StoreMate.AdminPortal", "src\StoreMate.AdminPortal\StoreMate.AdminPortal.csproj", "{57801512-51D4-4994-8DE0-8DFB1096102B}"
EndProject
Project("{FAE04EC0-301F-11D3-BF4B-00C04F79EFBC}") = "StoreMate.API", "src\StoreMate.API\StoreMate.API.csproj", "{BF6F8F77-EC8C-42CA-9EB9-D6AFECEF5881}"
EndProject
Project("{FAE04EC0-301F-11D3-BF4B-00C04F79EFBC}") = "StoreMate.Application", "src\StoreMate.Application\StoreMate.Application.csproj", "{D1B5F0BD-E3FC-4214-BD87-58EE8E7FA89B}"
EndProject
Project("{FAE04EC0-301F-11D3-BF4B-00C04F79EFBC}") = "StoreMate.Contracts", "src\StoreMate.Contracts\StoreMate.Contracts.csproj", "{36656D2F-CE57-480B-8EB6-9E2F34ED72BC}"
EndProject
Project("{FAE04EC0-301F-11D3-BF4B-00C04F79EFBC}") = "StoreMate.Domain", "src\StoreMate.Domain\StoreMate.Domain.csproj", "{C59542F0-0B22-49A9-BD0C-6E5892D3B31A}"
EndProject
Project("{FAE04EC0-301F-11D3-BF4B-00C04F79EFBC}") = "StoreMate.Infrastructure", "src\StoreMate.Infrastructure\StoreMate.Infrastructure.csproj", "{5222DFB0-4BDC-4313-B28B-F0C889CD3949}"
EndProject
Project("{FAE04EC0-301F-11D3-BF4B-00C04F79EFBC}") = "StoreMate.Mobile", "src\StoreMate.Mobile\StoreMate.Mobile.csproj", "{F775C508-716F-4251-AD7B-5038625038C0}"
EndProject
Project("{2150E333-8FDC-42A3-9474-1A3956D46DE8}") = "tests", "tests", "{0AB3BF05-4346-4AA6-1389-037BE0695223}"
EndProject
Project("{FAE04EC0-301F-11D3-BF4B-00C04F79EFBC}") = "StoreMate.API.Tests", "tests\StoreMate.API.Tests\StoreMate.API.Tests.csproj", "{F4C3D3B0-614D-4C20-B494-C9394B014C49}"
EndProject
Project("{FAE04EC0-301F-11D3-BF4B-00C04F79EFBC}") = "StoreMate.Application.Tests", "tests\StoreMate.Application.Tests\StoreMate.Application.Tests.csproj", "{18B7A663-688A-4EEA-AF99-610B837041C6}"
EndProject
Project("{FAE04EC0-301F-11D3-BF4B-00C04F79EFBC}") = "StoreMate.Domain.Tests", "tests\StoreMate.Domain.Tests\StoreMate.Domain.Tests.csproj", "{5E24313D-6D3C-46B0-8C28-770BD7E7154F}"
EndProject
Project("{FAE04EC0-301F-11D3-BF4B-00C04F79EFBC}") = "StoreMate.Infrastructure.Tests", "tests\StoreMate.Infrastructure.Tests\StoreMate.Infrastructure.Tests.csproj", "{16B5A38E-1531-4AFD-BB04-34D8E6F67468}"
EndProject
Project("{FAE04EC0-301F-11D3-BF4B-00C04F79EFBC}") = "StoreMate.Integration.Tests", "tests\StoreMate.Integration.Tests\StoreMate.Integration.Tests.csproj", "{DF385E40-2DC8-46D7-9174-8CED6860D03B}"
EndProject
Global
	GlobalSection(SolutionConfigurationPlatforms) = preSolution
		Debug|Any CPU = Debug|Any CPU
		Debug|x64 = Debug|x64
		Debug|x86 = Debug|x86
		Release|Any CPU = Release|Any CPU
		Release|x64 = Release|x64
		Release|x86 = Release|x86
	EndGlobalSection
	GlobalSection(ProjectConfigurationPlatforms) = postSolution
		{57801512-51D4-4994-8DE0-8DFB1096102B}.Debug|Any CPU.ActiveCfg = Debug|Any CPU
		{57801512-51D4-4994-8DE0-8DFB1096102B}.Debug|Any CPU.Build.0 = Debug|Any CPU
		{57801512-51D4-4994-8DE0-8DFB1096102B}.Debug|x64.ActiveCfg = Debug|Any CPU
		{57801512-51D4-4994-8DE0-8DFB1096102B}.Debug|x64.Build.0 = Debug|Any CPU
		{57801512-51D4-4994-8DE0-8DFB1096102B}.Debug|x86.ActiveCfg = Debug|Any CPU
		{57801512-51D4-4994-8DE0-8DFB1096102B}.Debug|x86.Build.0 = Debug|Any CPU
		{57801512-51D4-4994-8DE0-8DFB1096102B}.Release|Any CPU.ActiveCfg = Release|Any CPU
		{57801512-51D4-4994-8DE0-8DFB1096102B}.Release|Any CPU.Build.0 = Release|Any CPU
		{57801512-51D4-4994-8DE0-8DFB1096102B}.Release|x64.ActiveCfg = Release|Any CPU
		{57801512-51D4-4994-8DE0-8DFB1096102B}.Release|x64.Build.0 = Release|Any CPU
		{57801512-51D4-4994-8DE0-8DFB1096102B}.Release|x86.ActiveCfg = Release|Any CPU
		{57801512-51D4-4994-8DE0-8DFB1096102B}.Release|x86.Build.0 = Release|Any CPU
		{BF6F8F77-EC8C-42CA-9EB9-D6AFECEF5881}.Debug|Any CPU.ActiveCfg = Debug|Any CPU
		{BF6F8F77-EC8C-42CA-9EB9-D6AFECEF5881}.Debug|Any CPU.Build.0 = Debug|Any CPU
		{BF6F8F77-EC8C-42CA-9EB9-D6AFECEF5881}.Debug|x64.ActiveCfg = Debug|Any CPU
		{BF6F8F77-EC8C-42CA-9EB9-D6AFECEF5881}.Debug|x64.Build.0 = Debug|Any CPU
		{BF6F8F77-EC8C-42CA-9EB9-D6AFECEF5881}.Debug|x86.ActiveCfg = Debug|Any CPU
		{BF6F8F77-EC8C-42CA-9EB9-D6AFECEF5881}.Debug|x86.Build.0 = Debug|Any CPU
		{BF6F8F77-EC8C-42CA-9EB9-D6AFECEF5881}.Release|Any CPU.ActiveCfg = Release|Any CPU
		{BF6F8F77-EC8C-42CA-9EB9-D6AFECEF5881}.Release|Any CPU.Build.0 = Release|Any CPU
		{BF6F8F77-EC8C-42CA-9EB9-D6AFECEF5881}.Release|x64.ActiveCfg = Release|Any CPU
		{BF6F8F77-EC8C-42CA-9EB9-D6AFECEF5881}.Release|x64.Build.0 = Release|Any CPU
		{BF6F8F77-EC8C-42CA-9EB9-D6AFECEF5881}.Release|x86.ActiveCfg = Release|Any CPU
		{BF6F8F77-EC8C-42CA-9EB9-D6AFECEF5881}.Release|x86.Build.0 = Release|Any CPU
		{D1B5F0BD-E3FC-4214-BD87-58EE8E7FA89B}.Debug|Any CPU.ActiveCfg = Debug|Any CPU
		{D1B5F0BD-E3FC-4214-BD87-58EE8E7FA89B}.Debug|Any CPU.Build.0 = Debug|Any CPU
		{D1B5F0BD-E3FC-4214-BD87-58EE8E7FA89B}.Debug|x64.ActiveCfg = Debug|Any CPU
		{D1B5F0BD-E3FC-4214-BD87-58EE8E7FA89B}.Debug|x64.Build.0 = Debug|Any CPU
		{D1B5F0BD-E3FC-4214-BD87-58EE8E7FA89B}.Debug|x86.ActiveCfg = Debug|Any CPU
		{D1B5F0BD-E3FC-4214-BD87-58EE8E7FA89B}.Debug|x86.Build.0 = Debug|Any CPU
		{D1B5F0BD-E3FC-4214-BD87-58EE8E7FA89B}.Release|Any CPU.ActiveCfg = Release|Any CPU
		{D1B5F0BD-E3FC-4214-BD87-58EE8E7FA89B}.Release|Any CPU.Build.0 = Release|Any CPU
		{D1B5F0BD-E3FC-4214-BD87-58EE8E7FA89B}.Release|x64.ActiveCfg = Release|Any CPU
		{D1B5F0BD-E3FC-4214-BD87-58EE8E7FA89B}.Release|x64.Build.0 = Release|Any CPU
		{D1B5F0BD-E3FC-4214-BD87-58EE8E7FA89B}.Release|x86.ActiveCfg = Release|Any CPU
		{D1B5F0BD-E3FC-4214-BD87-58EE8E7FA89B}.Release|x86.Build.0 = Release|Any CPU
		{36656D2F-CE57-480B-8EB6-9E2F34ED72BC}.Debug|Any CPU.ActiveCfg = Debug|Any CPU
		{36656D2F-CE57-480B-8EB6-9E2F34ED72BC}.Debug|Any CPU.Build.0 = Debug|Any CPU
		{36656D2F-CE57-480B-8EB6-9E2F34ED72BC}.Debug|x64.ActiveCfg = Debug|Any CPU
		{36656D2F-CE57-480B-8EB6-9E2F34ED72BC}.Debug|x64.Build.0 = Debug|Any CPU
		{36656D2F-CE57-480B-8EB6-9E2F34ED72BC}.Debug|x86.ActiveCfg = Debug|Any CPU
		{36656D2F-CE57-480B-8EB6-9E2F34ED72BC}.Debug|x86.Build.0 = Debug|Any CPU
		{36656D2F-CE57-480B-8EB6-9E2F34ED72BC}.Release|Any CPU.ActiveCfg = Release|Any CPU
		{36656D2F-CE57-480B-8EB6-9E2F34ED72BC}.Release|Any CPU.Build.0 = Release|Any CPU
		{36656D2F-CE57-480B-8EB6-9E2F34ED72BC}.Release|x64.ActiveCfg = Release|Any CPU
		{36656D2F-CE57-480B-8EB6-9E2F34ED72BC}.Release|x64.Build.0 = Release|Any CPU
		{36656D2F-CE57-480B-8EB6-9E2F34ED72BC}.Release|x86.ActiveCfg = Release|Any CPU
		{36656D2F-CE57-480B-8EB6-9E2F34ED72BC}.Release|x86.Build.0 = Release|Any CPU
		{C59542F0-0B22-49A9-BD0C-6E5892D3B31A}.Debug|Any CPU.ActiveCfg = Debug|Any CPU
		{C59542F0-0B22-49A9-BD0C-6E5892D3B31A}.Debug|Any CPU.Build.0 = Debug|Any CPU
		{C59542F0-0B22-49A9-BD0C-6E5892D3B31A}.Debug|x64.ActiveCfg = Debug|Any CPU
		{C59542F0-0B22-49A9-BD0C-6E5892D3B31A}.Debug|x64.Build.0 = Debug|Any CPU
		{C59542F0-0B22-49A9-BD0C-6E5892D3B31A}.Debug|x86.ActiveCfg = Debug|Any CPU
		{C59542F0-0B22-49A9-BD0C-6E5892D3B31A}.Debug|x86.Build.0 = Debug|Any CPU
		{C59542F0-0B22-49A9-BD0C-6E5892D3B31A}.Release|Any CPU.ActiveCfg = Release|Any CPU
		{C59542F0-0B22-49A9-BD0C-6E5892D3B31A}.Release|Any CPU.Build.0 = Release|Any CPU
		{C59542F0-0B22-49A9-BD0C-6E5892D3B31A}.Release|x64.ActiveCfg = Release|Any CPU
		{C59542F0-0B22-49A9-BD0C-6E5892D3B31A}.Release|x64.Build.0 = Release|Any CPU
		{C59542F0-0B22-49A9-BD0C-6E5892D3B31A}.Release|x86.ActiveCfg = Release|Any CPU
		{C59542F0-0B22-49A9-BD0C-6E5892D3B31A}.Release|x86.Build.0 = Release|Any CPU
		{5222DFB0-4BDC-4313-B28B-F0C889CD3949}.Debug|Any CPU.ActiveCfg = Debug|Any CPU
		{5222DFB0-4BDC-4313-B28B-F0C889CD3949}.Debug|Any CPU.Build.0 = Debug|Any CPU
		{5222DFB0-4BDC-4313-B28B-F0C889CD3949}.Debug|x64.ActiveCfg = Debug|Any CPU
		{5222DFB0-4BDC-4313-B28B-F0C889CD3949}.Debug|x64.Build.0 = Debug|Any CPU
		{5222DFB0-4BDC-4313-B28B-F0C889CD3949}.Debug|x86.ActiveCfg = Debug|Any CPU
		{5222DFB0-4BDC-4313-B28B-F0C889CD3949}.Debug|x86.Build.0 = Debug|Any CPU
		{5222DFB0-4BDC-4313-B28B-F0C889CD3949}.Release|Any CPU.ActiveCfg = Release|Any CPU
		{5222DFB0-4BDC-4313-B28B-F0C889CD3949}.Release|Any CPU.Build.0 = Release|Any CPU
		{5222DFB0-4BDC-4313-B28B-F0C889CD3949}.Release|x64.ActiveCfg = Release|Any CPU
		{5222DFB0-4BDC-4313-B28B-F0C889CD3949}.Release|x64.Build.0 = Release|Any CPU
		{5222DFB0-4BDC-4313-B28B-F0C889CD3949}.Release|x86.ActiveCfg = Release|Any CPU
		{5222DFB0-4BDC-4313-B28B-F0C889CD3949}.Release|x86.Build.0 = Release|Any CPU
		{F775C508-716F-4251-AD7B-5038625038C0}.Debug|Any CPU.ActiveCfg = Debug|Any CPU
		{F775C508-716F-4251-AD7B-5038625038C0}.Debug|Any CPU.Build.0 = Debug|Any CPU
		{F775C508-716F-4251-AD7B-5038625038C0}.Debug|x64.ActiveCfg = Debug|Any CPU
		{F775C508-716F-4251-AD7B-5038625038C0}.Debug|x64.Build.0 = Debug|Any CPU
		{F775C508-716F-4251-AD7B-5038625038C0}.Debug|x86.ActiveCfg = Debug|Any CPU
		{F775C508-716F-4251-AD7B-5038625038C0}.Debug|x86.Build.0 = Debug|Any CPU
		{F775C508-716F-4251-AD7B-5038625038C0}.Release|Any CPU.ActiveCfg = Release|Any CPU
		{F775C508-716F-4251-AD7B-5038625038C0}.Release|Any CPU.Build.0 = Release|Any CPU
		{F775C508-716F-4251-AD7B-5038625038C0}.Release|x64.ActiveCfg = Release|Any CPU
		{F775C508-716F-4251-AD7B-5038625038C0}.Release|x64.Build.0 = Release|Any CPU
		{F775C508-716F-4251-AD7B-5038625038C0}.Release|x86.ActiveCfg = Release|Any CPU
		{F775C508-716F-4251-AD7B-5038625038C0}.Release|x86.Build.0 = Release|Any CPU
		{F4C3D3B0-614D-4C20-B494-C9394B014C49}.Debug|Any CPU.ActiveCfg = Debug|Any CPU
		{F4C3D3B0-614D-4C20-B494-C9394B014C49}.Debug|Any CPU.Build.0 = Debug|Any CPU
		{F4C3D3B0-614D-4C20-B494-C9394B014C49}.Debug|x64.ActiveCfg = Debug|Any CPU
		{F4C3D3B0-614D-4C20-B494-C9394B014C49}.Debug|x64.Build.0 = Debug|Any CPU
		{F4C3D3B0-614D-4C20-B494-C9394B014C49}.Debug|x86.ActiveCfg = Debug|Any CPU
		{F4C3D3B0-614D-4C20-B494-C9394B014C49}.Debug|x86.Build.0 = Debug|Any CPU
		{F4C3D3B0-614D-4C20-B494-C9394B014C49}.Release|Any CPU.ActiveCfg = Release|Any CPU
		{F4C3D3B0-614D-4C20-B494-C9394B014C49}.Release|Any CPU.Build.0 = Release|Any CPU
		{F4C3D3B0-614D-4C20-B494-C9394B014C49}.Release|x64.ActiveCfg = Release|Any CPU
		{F4C3D3B0-614D-4C20-B494-C9394B014C49}.Release|x64.Build.0 = Release|Any CPU
		{F4C3D3B0-614D-4C20-B494-C9394B014C49}.Release|x86.ActiveCfg = Release|Any CPU
		{F4C3D3B0-614D-4C20-B494-C9394B014C49}.Release|x86.Build.0 = Release|Any CPU
		{18B7A663-688A-4EEA-AF99-610B837041C6}.Debug|Any CPU.ActiveCfg = Debug|Any CPU
		{18B7A663-688A-4EEA-AF99-610B837041C6}.Debug|Any CPU.Build.0 = Debug|Any CPU
		{18B7A663-688A-4EEA-AF99-610B837041C6}.Debug|x64.ActiveCfg = Debug|Any CPU
		{18B7A663-688A-4EEA-AF99-610B837041C6}.Debug|x64.Build.0 = Debug|Any CPU
		{18B7A663-688A-4EEA-AF99-610B837041C6}.Debug|x86.ActiveCfg = Debug|Any CPU
		{18B7A663-688A-4EEA-AF99-610B837041C6}.Debug|x86.Build.0 = Debug|Any CPU
		{18B7A663-688A-4EEA-AF99-610B837041C6}.Release|Any CPU.ActiveCfg = Release|Any CPU
		{18B7A663-688A-4EEA-AF99-610B837041C6}.Release|Any CPU.Build.0 = Release|Any CPU
		{18B7A663-688A-4EEA-AF99-610B837041C6}.Release|x64.ActiveCfg = Release|Any CPU
		{18B7A663-688A-4EEA-AF99-610B837041C6}.Release|x64.Build.0 = Release|Any CPU
		{18B7A663-688A-4EEA-AF99-610B837041C6}.Release|x86.ActiveCfg = Release|Any CPU
		{18B7A663-688A-4EEA-AF99-610B837041C6}.Release|x86.Build.0 = Release|Any CPU
		{5E24313D-6D3C-46B0-8C28-770BD7E7154F}.Debug|Any CPU.ActiveCfg = Debug|Any CPU
		{5E24313D-6D3C-46B0-8C28-770BD7E7154F}.Debug|Any CPU.Build.0 = Debug|Any CPU
		{5E24313D-6D3C-46B0-8C28-770BD7E7154F}.Debug|x64.ActiveCfg = Debug|Any CPU
		{5E24313D-6D3C-46B0-8C28-770BD7E7154F}.Debug|x64.Build.0 = Debug|Any CPU
		{5E24313D-6D3C-46B0-8C28-770BD7E7154F}.Debug|x86.ActiveCfg = Debug|Any CPU
		{5E24313D-6D3C-46B0-8C28-770BD7E7154F}.Debug|x86.Build.0 = Debug|Any CPU
		{5E24313D-6D3C-46B0-8C28-770BD7E7154F}.Release|Any CPU.ActiveCfg = Release|Any CPU
		{5E24313D-6D3C-46B0-8C28-770BD7E7154F}.Release|Any CPU.Build.0 = Release|Any CPU
		{5E24313D-6D3C-46B0-8C28-770BD7E7154F}.Release|x64.ActiveCfg = Release|Any CPU
		{5E24313D-6D3C-46B0-8C28-770BD7E7154F}.Release|x64.Build.0 = Release|Any CPU
		{5E24313D-6D3C-46B0-8C28-770BD7E7154F}.Release|x86.ActiveCfg = Release|Any CPU
		{5E24313D-6D3C-46B0-8C28-770BD7E7154F}.Release|x86.Build.0 = Release|Any CPU
		{16B5A38E-1531-4AFD-BB04-34D8E6F67468}.Debug|Any CPU.ActiveCfg = Debug|Any CPU
		{16B5A38E-1531-4AFD-BB04-34D8E6F67468}.Debug|Any CPU.Build.0 = Debug|Any CPU
		{16B5A38E-1531-4AFD-BB04-34D8E6F67468}.Debug|x64.ActiveCfg = Debug|Any CPU
		{16B5A38E-1531-4AFD-BB04-34D8E6F67468}.Debug|x64.Build.0 = Debug|Any CPU
		{16B5A38E-1531-4AFD-BB04-34D8E6F67468}.Debug|x86.ActiveCfg = Debug|Any CPU
		{16B5A38E-1531-4AFD-BB04-34D8E6F67468}.Debug|x86.Build.0 = Debug|Any CPU
		{16B5A38E-1531-4AFD-BB04-34D8E6F67468}.Release|Any CPU.ActiveCfg = Release|Any CPU
		{16B5A38E-1531-4AFD-BB04-34D8E6F67468}.Release|Any CPU.Build.0 = Release|Any CPU
		{16B5A38E-1531-4AFD-BB04-34D8E6F67468}.Release|x64.ActiveCfg = Release|Any CPU
		{16B5A38E-1531-4AFD-BB04-34D8E6F67468}.Release|x64.Build.0 = Release|Any CPU
		{16B5A38E-1531-4AFD-BB04-34D8E6F67468}.Release|x86.ActiveCfg = Release|Any CPU
		{16B5A38E-1531-4AFD-BB04-34D8E6F67468}.Release|x86.Build.0 = Release|Any CPU
		{DF385E40-2DC8-46D7-9174-8CED6860D03B}.Debug|Any CPU.ActiveCfg = Debug|Any CPU
		{DF385E40-2DC8-46D7-9174-8CED6860D03B}.Debug|Any CPU.Build.0 = Debug|Any CPU
		{DF385E40-2DC8-46D7-9174-8CED6860D03B}.Debug|x64.ActiveCfg = Debug|Any CPU
		{DF385E40-2DC8-46D7-9174-8CED6860D03B}.Debug|x64.Build.0 = Debug|Any CPU
		{DF385E40-2DC8-46D7-9174-8CED6860D03B}.Debug|x86.ActiveCfg = Debug|Any CPU
		{DF385E40-2DC8-46D7-9174-8CED6860D03B}.Debug|x86.Build.0 = Debug|Any CPU
		{DF385E40-2DC8-46D7-9174-8CED6860D03B}.Release|Any CPU.ActiveCfg = Release|Any CPU
		{DF385E40-2DC8-46D7-9174-8CED6860D03B}.Release|Any CPU.Build.0 = Release|Any CPU
		{DF385E40-2DC8-46D7-9174-8CED6860D03B}.Release|x64.ActiveCfg = Release|Any CPU
		{DF385E40-2DC8-46D7-9174-8CED6860D03B}.Release|x64.Build.0 = Release|Any CPU
		{DF385E40-2DC8-46D7-9174-8CED6860D03B}.Release|x86.ActiveCfg = Release|Any CPU
		{DF385E40-2DC8-46D7-9174-8CED6860D03B}.Release|x86.Build.0 = Release|Any CPU
	EndGlobalSection
	GlobalSection(SolutionProperties) = preSolution
		HideSolutionNode = FALSE
	EndGlobalSection
	GlobalSection(NestedProjects) = preSolution
		{57801512-51D4-4994-8DE0-8DFB1096102B} = {827E0CD3-B72D-47B6-A68D-7590B98EB39B}
		{BF6F8F77-EC8C-42CA-9EB9-D6AFECEF5881} = {827E0CD3-B72D-47B6-A68D-7590B98EB39B}
		{D1B5F0BD-E3FC-4214-BD87-58EE8E7FA89B} = {827E0CD3-B72D-47B6-A68D-7590B98EB39B}
		{36656D2F-CE57-480B-8EB6-9E2F34ED72BC} = {827E0CD3-B72D-47B6-A68D-7590B98EB39B}
		{C59542F0-0B22-49A9-BD0C-6E5892D3B31A} = {827E0CD3-B72D-47B6-A68D-7590B98EB39B}
		{5222DFB0-4BDC-4313-B28B-F0C889CD3949} = {827E0CD3-B72D-47B6-A68D-7590B98EB39B}
		{F775C508-716F-4251-AD7B-5038625038C0} = {827E0CD3-B72D-47B6-A68D-7590B98EB39B}
		{F4C3D3B0-614D-4C20-B494-C9394B014C49} = {0AB3BF05-4346-4AA6-1389-037BE0695223}
		{18B7A663-688A-4EEA-AF99-610B837041C6} = {0AB3BF05-4346-4AA6-1389-037BE0695223}
		{5E24313D-6D3C-46B0-8C28-770BD7E7154F} = {0AB3BF05-4346-4AA6-1389-037BE0695223}
		{16B5A38E-1531-4AFD-BB04-34D8E6F67468} = {0AB3BF05-4346-4AA6-1389-037BE0695223}
		{DF385E40-2DC8-46D7-9174-8CED6860D03B} = {0AB3BF05-4346-4AA6-1389-037BE0695223}
	EndGlobalSection
EndGlobal
